
Microsoft Visual Studio Solution File, Format Version 12.00
# Visual Studio 15
VisualStudioVersion = 15.0.28010.2019
MinimumVisualStudioVersion = 10.0.40219.1
Project("{FAE04EC0-301F-11D3-BF4B-00C04F79EFBC}") = "Lab_2", "Lab_2\Lab_2.csproj", "{17E9360C-8CAB-4502-8E43-F0C3534E9457}"
EndProject
Global
	GlobalSection(SolutionConfigurationPlatforms) = preSolution
		Debug|Any CPU = Debug|Any CPU
		Release|Any CPU = Release|Any CPU
	EndGlobalSection
	GlobalSection(ProjectConfigurationPlatforms) = postSolution
		{17E9360C-8CAB-4502-8E43-F0C3534E9457}.Debug|Any CPU.ActiveCfg = Debug|Any CPU
		{17E9360C-8CAB-4502-8E43-F0C3534E9457}.Debug|Any CPU.Build.0 = Debug|Any CPU
		{17E9360C-8CAB-4502-8E43-F0C3534E9457}.Release|Any CPU.ActiveCfg = Release|Any CPU
		{17E9360C-8CAB-4502-8E43-F0C3534E9457}.Release|Any CPU.Build.0 = Release|Any CPU
	EndGlobalSection
	GlobalSection(SolutionProperties) = preSolution
		HideSolutionNode = FALSE
	EndGlobalSection
	GlobalSection(ExtensibilityGlobals) = postSolution
		SolutionGuid = {802D6136-6DFB-4281-AAEC-660A0CF567F1}
	EndGlobalSection
EndGlobal
